// !$*UTF8*$!
{
	archiveVersion = 1;
	classes = {
	};
	objectVersion = 56;
	objects = {

/* Begin PBXBuildFile section */
		5092C4EA2BFBBE27005900D7 /* main.swift in Sources */ = {isa = PBXBuildFile; fileRef = 5092C4E92BFBBE27005900D7 /* main.swift */; };
		5092C5002BFBCBAD005900D7 /* libvelocity.swift in Sources */ = {isa = PBXBuildFile; fileRef = 5092C4FF2BFBCBAD005900D7 /* libvelocity.swift */; };
		5092C5022BFBCBDE005900D7 /* SwiftBridgeCore.swift in Sources */ = {isa = PBXBuildFile; fileRef = 5092C5012BFBCBDE005900D7 /* SwiftBridgeCore.swift */; };
		5092C51D2BFBD42D005900D7 /* liblibvelocity.a in Frameworks */ = {isa = PBXBuildFile; fileRef = 5092C5192BFBD3B6005900D7 /* liblibvelocity.a */; };
/* End PBXBuildFile section */

/* Begin PBXContainerItemProxy section */
		5092C5182BFBD3B6005900D7 /* PBXContainerItemProxy */ = {
			isa = PBXContainerItemProxy;
			containerPortal = 5092C5142BFBD3B6005900D7 /* libvelocity.xcodeproj */;
			proxyType = 2;
			remoteGlobalIDString = CA006AE3A6F7A83A769E4C3A;
			remoteInfo = "libvelocity.a (static library)";
		};
		5092C51B2BFBD3F1005900D7 /* PBXContainerItemProxy */ = {
			isa = PBXContainerItemProxy;
			containerPortal = 5092C5142BFBD3B6005900D7 /* libvelocity.xcodeproj */;
			proxyType = 1;
			remoteGlobalIDString = CA006AE3A6F79094ECAE7283;
			remoteInfo = "libvelocity.a (static library)";
		};
/* End PBXContainerItemProxy section */

/* Begin PBXCopyFilesBuildPhase section */
		5092C4E42BFBBE27005900D7 /* CopyFiles */ = {
			isa = PBXCopyFilesBuildPhase;
			buildActionMask = 2147483647;
			dstPath = /usr/share/man/man1/;
			dstSubfolderSpec = 0;
			files = (
			);
			runOnlyForDeploymentPostprocessing = 1;
		};
/* End PBXCopyFilesBuildPhase section */

/* Begin PBXFileReference section */
		5092C4E62BFBBE27005900D7 /* Velocity */ = {isa = PBXFileReference; explicitFileType = "compiled.mach-o.executable"; includeInIndex = 0; path = Velocity; sourceTree = BUILT_PRODUCTS_DIR; };
		5092C4E92BFBBE27005900D7 /* main.swift */ = {isa = PBXFileReference; lastKnownFileType = sourcecode.swift; path = main.swift; sourceTree = "<group>"; };
		5092C4F82BFBBFD4005900D7 /* bridging-header.h */ = {isa = PBXFileReference; fileEncoding = 4; lastKnownFileType = sourcecode.c.h; path = "bridging-header.h"; sourceTree = "<group>"; };
		5092C4FD2BFBC2A5005900D7 /* liblibvelocity.a */ = {isa = PBXFileReference; lastKnownFileType = archive.ar; name = liblibvelocity.a; path = libvelocity/target/debug/liblibvelocity.a; sourceTree = "<group>"; };
		5092C4FF2BFBCBAD005900D7 /* libvelocity.swift */ = {isa = PBXFileReference; fileEncoding = 4; lastKnownFileType = sourcecode.swift; name = libvelocity.swift; path = libvelocity/Generated/libvelocity/libvelocity.swift; sourceTree = "<group>"; };
		5092C5012BFBCBDE005900D7 /* SwiftBridgeCore.swift */ = {isa = PBXFileReference; fileEncoding = 4; lastKnownFileType = sourcecode.swift; name = SwiftBridgeCore.swift; path = libvelocity/Generated/SwiftBridgeCore.swift; sourceTree = "<group>"; };
		5092C5142BFBD3B6005900D7 /* libvelocity.xcodeproj */ = {isa = PBXFileReference; lastKnownFileType = "wrapper.pb-project"; name = libvelocity.xcodeproj; path = libvelocity/libvelocity.xcodeproj; sourceTree = "<group>"; };
/* End PBXFileReference section */

/* Begin PBXFrameworksBuildPhase section */
		5092C4E32BFBBE27005900D7 /* Frameworks */ = {
			isa = PBXFrameworksBuildPhase;
			buildActionMask = 2147483647;
			files = (
				5092C51D2BFBD42D005900D7 /* liblibvelocity.a in Frameworks */,
			);
			runOnlyForDeploymentPostprocessing = 0;
		};
/* End PBXFrameworksBuildPhase section */

/* Begin PBXGroup section */
		5092C4D52BFBBDAD005900D7 = {
			isa = PBXGroup;
			children = (
				5092C5142BFBD3B6005900D7 /* libvelocity.xcodeproj */,
				5092C5032BFBCC1A005900D7 /* LibVelocity */,
				5092C4E82BFBBE27005900D7 /* Velocity */,
				5092C4E72BFBBE27005900D7 /* Products */,
				5092C4F02BFBBE46005900D7 /* Frameworks */,
			);
			sourceTree = "<group>";
		};
		5092C4E72BFBBE27005900D7 /* Products */ = {
			isa = PBXGroup;
			children = (
				5092C4E62BFBBE27005900D7 /* Velocity */,
			);
			name = Products;
			sourceTree = "<group>";
		};
		5092C4E82BFBBE27005900D7 /* Velocity */ = {
			isa = PBXGroup;
			children = (
				5092C4E92BFBBE27005900D7 /* main.swift */,
			);
			path = Velocity;
			sourceTree = "<group>";
		};
		5092C4F02BFBBE46005900D7 /* Frameworks */ = {
			isa = PBXGroup;
			children = (
				5092C4FD2BFBC2A5005900D7 /* liblibvelocity.a */,
			);
			name = Frameworks;
			sourceTree = "<group>";
		};
		5092C5032BFBCC1A005900D7 /* LibVelocity */ = {
			isa = PBXGroup;
			children = (
				5092C4F82BFBBFD4005900D7 /* bridging-header.h */,
				5092C4FF2BFBCBAD005900D7 /* libvelocity.swift */,
				5092C5012BFBCBDE005900D7 /* SwiftBridgeCore.swift */,
			);
			name = LibVelocity;
			sourceTree = "<group>";
		};
		5092C5152BFBD3B6005900D7 /* Products */ = {
			isa = PBXGroup;
			children = (
				5092C5192BFBD3B6005900D7 /* liblibvelocity.a */,
			);
			name = Products;
			sourceTree = "<group>";
		};
/* End PBXGroup section */

/* Begin PBXHeadersBuildPhase section */
		5092C4FC2BFBC1B0005900D7 /* Headers */ = {
			isa = PBXHeadersBuildPhase;
			buildActionMask = 2147483647;
			files = (
			);
			runOnlyForDeploymentPostprocessing = 0;
		};
/* End PBXHeadersBuildPhase section */

/* Begin PBXNativeTarget section */
		5092C4E52BFBBE27005900D7 /* Velocity */ = {
			isa = PBXNativeTarget;
			buildConfigurationList = 5092C4EB2BFBBE27005900D7 /* Build configuration list for PBXNativeTarget "Velocity" */;
			buildPhases = (
				5092C4FC2BFBC1B0005900D7 /* Headers */,
				5092C4E22BFBBE27005900D7 /* Sources */,
				5092C4E32BFBBE27005900D7 /* Frameworks */,
				5092C4E42BFBBE27005900D7 /* CopyFiles */,
			);
			buildRules = (
			);
			dependencies = (
				5092C51C2BFBD3F1005900D7 /* PBXTargetDependency */,
			);
			name = Velocity;
			productName = Velocity;
			productReference = 5092C4E62BFBBE27005900D7 /* Velocity */;
			productType = "com.apple.product-type.tool";
		};
/* End PBXNativeTarget section */

/* Begin PBXProject section */
		5092C4D62BFBBDAD005900D7 /* Project object */ = {
			isa = PBXProject;
			attributes = {
				BuildIndependentTargetsInParallel = 1;
				LastSwiftUpdateCheck = 1540;
				LastUpgradeCheck = 1540;
				TargetAttributes = {
					5092C4E52BFBBE27005900D7 = {
						CreatedOnToolsVersion = 15.4;
					};
				};
			};
			buildConfigurationList = 5092C4D92BFBBDAD005900D7 /* Build configuration list for PBXProject "Velocity" */;
			compatibilityVersion = "Xcode 14.0";
			developmentRegion = en;
			hasScannedForEncodings = 0;
			knownRegions = (
				en,
				Base,
			);
			mainGroup = 5092C4D52BFBBDAD005900D7;
			productRefGroup = 5092C4E72BFBBE27005900D7 /* Products */;
			projectDirPath = "";
			projectReferences = (
				{
					ProductGroup = 5092C5152BFBD3B6005900D7 /* Products */;
					ProjectRef = 5092C5142BFBD3B6005900D7 /* libvelocity.xcodeproj */;
				},
			);
			projectRoot = "";
			targets = (
				5092C4E52BFBBE27005900D7 /* Velocity */,
			);
		};
/* End PBXProject section */

/* Begin PBXReferenceProxy section */
		5092C5192BFBD3B6005900D7 /* liblibvelocity.a */ = {
			isa = PBXReferenceProxy;
			fileType = archive.ar;
			path = liblibvelocity.a;
			remoteRef = 5092C5182BFBD3B6005900D7 /* PBXContainerItemProxy */;
			sourceTree = BUILT_PRODUCTS_DIR;
		};
/* End PBXReferenceProxy section */

/* Begin PBXSourcesBuildPhase section */
		5092C4E22BFBBE27005900D7 /* Sources */ = {
			isa = PBXSourcesBuildPhase;
			buildActionMask = 2147483647;
			files = (
				5092C5022BFBCBDE005900D7 /* SwiftBridgeCore.swift in Sources */,
				5092C5002BFBCBAD005900D7 /* libvelocity.swift in Sources */,
				5092C4EA2BFBBE27005900D7 /* main.swift in Sources */,
			);
			runOnlyForDeploymentPostprocessing = 0;
		};
/* End PBXSourcesBuildPhase section */

/* Begin PBXTargetDependency section */
		5092C51C2BFBD3F1005900D7 /* PBXTargetDependency */ = {
			isa = PBXTargetDependency;
			name = "libvelocity.a (static library)";
			targetProxy = 5092C51B2BFBD3F1005900D7 /* PBXContainerItemProxy */;
		};
/* End PBXTargetDependency section */

/* Begin XCBuildConfiguration section */
		5092C4DA2BFBBDAD005900D7 /* Debug */ = {
			isa = XCBuildConfiguration;
			buildSettings = {
			};
			name = Debug;
		};
		5092C4DB2BFBBDAD005900D7 /* Release */ = {
			isa = XCBuildConfiguration;
			buildSettings = {
			};
			name = Release;
		};
		5092C4EC2BFBBE27005900D7 /* Debug */ = {
			isa = XCBuildConfiguration;
			buildSettings = {
				ALWAYS_SEARCH_USER_PATHS = NO;
				ASSETCATALOG_COMPILER_GENERATE_SWIFT_ASSET_SYMBOL_EXTENSIONS = YES;
				CLANG_ANALYZER_NONNULL = YES;
				CLANG_ANALYZER_NUMBER_OBJECT_CONVERSION = YES_AGGRESSIVE;
				CLANG_CXX_LANGUAGE_STANDARD = "gnu++20";
				CLANG_ENABLE_MODULES = YES;
				CLANG_ENABLE_OBJC_ARC = YES;
				CLANG_ENABLE_OBJC_WEAK = YES;
				CLANG_WARN_BLOCK_CAPTURE_AUTORELEASING = YES;
				CLANG_WARN_BOOL_CONVERSION = YES;
				CLANG_WARN_COMMA = YES;
				CLANG_WARN_CONSTANT_CONVERSION = YES;
				CLANG_WARN_DEPRECATED_OBJC_IMPLEMENTATIONS = YES;
				CLANG_WARN_DIRECT_OBJC_ISA_USAGE = YES_ERROR;
				CLANG_WARN_DOCUMENTATION_COMMENTS = YES;
				CLANG_WARN_EMPTY_BODY = YES;
				CLANG_WARN_ENUM_CONVERSION = YES;
				CLANG_WARN_INFINITE_RECURSION = YES;
				CLANG_WARN_INT_CONVERSION = YES;
				CLANG_WARN_NON_LITERAL_NULL_CONVERSION = YES;
				CLANG_WARN_OBJC_IMPLICIT_RETAIN_SELF = YES;
				CLANG_WARN_OBJC_LITERAL_CONVERSION = YES;
				CLANG_WARN_OBJC_ROOT_CLASS = YES_ERROR;
				CLANG_WARN_QUOTED_INCLUDE_IN_FRAMEWORK_HEADER = YES;
				CLANG_WARN_RANGE_LOOP_ANALYSIS = YES;
				CLANG_WARN_STRICT_PROTOTYPES = YES;
				CLANG_WARN_SUSPICIOUS_MOVE = YES;
				CLANG_WARN_UNGUARDED_AVAILABILITY = YES_AGGRESSIVE;
				CLANG_WARN_UNREACHABLE_CODE = YES;
				CLANG_WARN__DUPLICATE_METHOD_MATCH = YES;
				CODE_SIGN_STYLE = Automatic;
				COPY_PHASE_STRIP = NO;
				DEBUG_INFORMATION_FORMAT = dwarf;
				ENABLE_STRICT_OBJC_MSGSEND = YES;
				ENABLE_TESTABILITY = YES;
				ENABLE_USER_SCRIPT_SANDBOXING = YES;
				GCC_C_LANGUAGE_STANDARD = gnu17;
				GCC_DYNAMIC_NO_PIC = NO;
				GCC_NO_COMMON_BLOCKS = YES;
				GCC_OPTIMIZATION_LEVEL = 0;
				GCC_PREPROCESSOR_DEFINITIONS = (
					"DEBUG=1",
					"$(inherited)",
				);
				GCC_WARN_64_TO_32_BIT_CONVERSION = YES;
				GCC_WARN_ABOUT_RETURN_TYPE = YES_ERROR;
				GCC_WARN_UNDECLARED_SELECTOR = YES;
				GCC_WARN_UNINITIALIZED_AUTOS = YES_AGGRESSIVE;
				GCC_WARN_UNUSED_FUNCTION = YES;
				GCC_WARN_UNUSED_VARIABLE = YES;
				LIBRARY_SEARCH_PATHS = (
					"$(inherited)",
					"$(PROJECT_DIR)/libvelocity/target/debug",
				);
				LOCALIZATION_PREFERS_STRING_CATALOGS = YES;
				MACOSX_DEPLOYMENT_TARGET = 14.0;
				MTL_ENABLE_DEBUG_INFO = INCLUDE_SOURCE;
				MTL_FAST_MATH = YES;
				ONLY_ACTIVE_ARCH = YES;
				PRODUCT_NAME = "$(TARGET_NAME)";
				SDKROOT = macosx;
				SWIFT_ACTIVE_COMPILATION_CONDITIONS = "DEBUG $(inherited)";
				SWIFT_OBJC_BRIDGING_HEADER = "bridging-header.h";
				SWIFT_OPTIMIZATION_LEVEL = "-Onone";
				SWIFT_VERSION = 5.0;
			};
			name = Debug;
		};
		5092C4ED2BFBBE27005900D7 /* Release */ = {
			isa = XCBuildConfiguration;
			buildSettings = {
				ALWAYS_SEARCH_USER_PATHS = NO;
				ASSETCATALOG_COMPILER_GENERATE_SWIFT_ASSET_SYMBOL_EXTENSIONS = YES;
				CLANG_ANALYZER_NONNULL = YES;
				CLANG_ANALYZER_NUMBER_OBJECT_CONVERSION = YES_AGGRESSIVE;
				CLANG_CXX_LANGUAGE_STANDARD = "gnu++20";
				CLANG_ENABLE_MODULES = YES;
				CLANG_ENABLE_OBJC_ARC = YES;
				CLANG_ENABLE_OBJC_WEAK = YES;
				CLANG_WARN_BLOCK_CAPTURE_AUTORELEASING = YES;
				CLANG_WARN_BOOL_CONVERSION = YES;
				CLANG_WARN_COMMA = YES;
				CLANG_WARN_CONSTANT_CONVERSION = YES;
				CLANG_WARN_DEPRECATED_OBJC_IMPLEMENTATIONS = YES;
				CLANG_WARN_DIRECT_OBJC_ISA_USAGE = YES_ERROR;
				CLANG_WARN_DOCUMENTATION_COMMENTS = YES;
				CLANG_WARN_EMPTY_BODY = YES;
				CLANG_WARN_ENUM_CONVERSION = YES;
				CLANG_WARN_INFINITE_RECURSION = YES;
				CLANG_WARN_INT_CONVERSION = YES;
				CLANG_WARN_NON_LITERAL_NULL_CONVERSION = YES;
				CLANG_WARN_OBJC_IMPLICIT_RETAIN_SELF = YES;
				CLANG_WARN_OBJC_LITERAL_CONVERSION = YES;
				CLANG_WARN_OBJC_ROOT_CLASS = YES_ERROR;
				CLANG_WARN_QUOTED_INCLUDE_IN_FRAMEWORK_HEADER = YES;
				CLANG_WARN_RANGE_LOOP_ANALYSIS = YES;
				CLANG_WARN_STRICT_PROTOTYPES = YES;
				CLANG_WARN_SUSPICIOUS_MOVE = YES;
				CLANG_WARN_UNGUARDED_AVAILABILITY = YES_AGGRESSIVE;
				CLANG_WARN_UNREACHABLE_CODE = YES;
				CLANG_WARN__DUPLICATE_METHOD_MATCH = YES;
				CODE_SIGN_STYLE = Automatic;
				COPY_PHASE_STRIP = NO;
				DEBUG_INFORMATION_FORMAT = "dwarf-with-dsym";
				ENABLE_NS_ASSERTIONS = NO;
				ENABLE_STRICT_OBJC_MSGSEND = YES;
				ENABLE_USER_SCRIPT_SANDBOXING = YES;
				GCC_C_LANGUAGE_STANDARD = gnu17;
				GCC_NO_COMMON_BLOCKS = YES;
				GCC_WARN_64_TO_32_BIT_CONVERSION = YES;
				GCC_WARN_ABOUT_RETURN_TYPE = YES_ERROR;
				GCC_WARN_UNDECLARED_SELECTOR = YES;
				GCC_WARN_UNINITIALIZED_AUTOS = YES_AGGRESSIVE;
				GCC_WARN_UNUSED_FUNCTION = YES;
				GCC_WARN_UNUSED_VARIABLE = YES;
				LIBRARY_SEARCH_PATHS = (
					"$(inherited)",
					"$(PROJECT_DIR)/libvelocity/target/debug",
				);
				LOCALIZATION_PREFERS_STRING_CATALOGS = YES;
				MACOSX_DEPLOYMENT_TARGET = 14.0;
				MTL_ENABLE_DEBUG_INFO = NO;
				MTL_FAST_MATH = YES;
				PRODUCT_NAME = "$(TARGET_NAME)";
				SDKROOT = macosx;
				SWIFT_COMPILATION_MODE = wholemodule;
				SWIFT_OBJC_BRIDGING_HEADER = "bridging-header.h";
				SWIFT_VERSION = 5.0;
			};
			name = Release;
		};
/* End XCBuildConfiguration section */

/* Begin XCConfigurationList section */
		5092C4D92BFBBDAD005900D7 /* Build configuration list for PBXProject "Velocity" */ = {
			isa = XCConfigurationList;
			buildConfigurations = (
				5092C4DA2BFBBDAD005900D7 /* Debug */,
				5092C4DB2BFBBDAD005900D7 /* Release */,
			);
			defaultConfigurationIsVisible = 0;
			defaultConfigurationName = Release;
		};
		5092C4EB2BFBBE27005900D7 /* Build configuration list for PBXNativeTarget "Velocity" */ = {
			isa = XCConfigurationList;
			buildConfigurations = (
				5092C4EC2BFBBE27005900D7 /* Debug */,
				5092C4ED2BFBBE27005900D7 /* Release */,
			);
			defaultConfigurationIsVisible = 0;
			defaultConfigurationName = Release;
		};
/* End XCConfigurationList section */
	};
	rootObject = 5092C4D62BFBBDAD005900D7 /* Project object */;
}
