// !$*UTF8*$!
{
	archiveVersion = 1;
	classes = {
	};
	objectVersion = 56;
	objects = {

/* Begin PBXBuildFile section */
		4707A5622A21692600E0B517 /* Vapor in Frameworks */ = {isa = PBXBuildFile; productRef = 4707A5612A21692600E0B517 /* Vapor */; };
		50394E4E2A2CD160006A7CB4 /* Atomics in Frameworks */ = {isa = PBXBuildFile; productRef = 50394E4D2A2CD160006A7CB4 /* Atomics */; };
		50394E312A2CC64C006A7CB4 /* Socket in Frameworks */ = {isa = PBXBuildFile; productRef = 50394E302A2CC64C006A7CB4 /* Socket */; };
		50BAC2862A6A609B00DE0F95 /* SQLite in Frameworks */ = {isa = PBXBuildFile; productRef = 50BAC2852A6A609B00DE0F95 /* SQLite */; };
		4707A5642A21699900E0B517 /* httpserver.swift in Sources */ = {isa = PBXBuildFile; fileRef = 4707A5632A21699900E0B517 /* httpserver.swift */; };
		4707A5662A22A09200E0B517 /* log.swift in Sources */ = {isa = PBXBuildFile; fileRef = 4707A5652A22A09200E0B517 /* log.swift */; };
		470D4C2D2A3276C20057B58E /* vRFBConvertKey.swift in Sources */ = {isa = PBXBuildFile; fileRef = 470D4C2C2A3276C20057B58E /* vRFBConvertKey.swift */; };
		471189072A5AED1A0091EAB3 /* config.swift in Sources */ = {isa = PBXBuildFile; fileRef = 471189062A5AED1A0091EAB3 /* config.swift */; };
		476083922A260F0200A93368 /* nsimage.swift in Sources */ = {isa = PBXBuildFile; fileRef = 476083912A260F0200A93368 /* nsimage.swift */; };
		47A78B4C2A350181007C8FB8 /* vVMStructs.swift in Sources */ = {isa = PBXBuildFile; fileRef = 47A78B4B2A350181007C8FB8 /* vVMStructs.swift */; };
		47A78B4E2A351B38007C8FB8 /* vVirtualMachine.swift in Sources */ = {isa = PBXBuildFile; fileRef = 47A78B4D2A351B38007C8FB8 /* vVirtualMachine.swift */; };
		47A78B502A36DE89007C8FB8 /* vMacOSUtils.swift in Sources */ = {isa = PBXBuildFile; fileRef = 47A78B4F2A36DE89007C8FB8 /* vMacOSUtils.swift */; };
		47D62A252A1E72C4006FFE2A /* main.swift in Sources */ = {isa = PBXBuildFile; fileRef = 47D62A242A1E72C4006FFE2A /* main.swift */; };
		47D62A2C2A1E7366006FFE2A /* vz.swift in Sources */ = {isa = PBXBuildFile; fileRef = 47D62A2B2A1E7366006FFE2A /* vz.swift */; };
		47D62A2F2A1EB00A006FFE2A /* utils.swift in Sources */ = {isa = PBXBuildFile; fileRef = 47D62A2E2A1EB00A006FFE2A /* utils.swift */; };
		47D62A352A210095006FFE2A /* manager.swift in Sources */ = {isa = PBXBuildFile; fileRef = 47D62A342A210095006FFE2A /* manager.swift */; };
		50394E2E2A2CC48B006A7CB4 /* vRFBServer.swift in Sources */ = {isa = PBXBuildFile; fileRef = 50394E2D2A2CC48B006A7CB4 /* vRFBServer.swift */; };
		50394E342A2CC9BF006A7CB4 /* vRFBUtil.swift in Sources */ = {isa = PBXBuildFile; fileRef = 50394E332A2CC9BF006A7CB4 /* vRFBUtil.swift */; };
		50394E362A2CCB5E006A7CB4 /* vRFBStructs.swift in Sources */ = {isa = PBXBuildFile; fileRef = 50394E352A2CCB5E006A7CB4 /* vRFBStructs.swift */; };
		50394E522A2CD2E3006A7CB4 /* vRFBSession.swift in Sources */ = {isa = PBXBuildFile; fileRef = 50394E512A2CD2E3006A7CB4 /* vRFBSession.swift */; };
		5075244E2A37A2810072B094 /* vNWConnection.swift in Sources */ = {isa = PBXBuildFile; fileRef = 5075244D2A37A2810072B094 /* vNWConnection.swift */; };
		509AB0EF2A346FAC00F4DD2C /* vwindow.swift in Sources */ = {isa = PBXBuildFile; fileRef = 509AB0EE2A346FAC00F4DD2C /* vwindow.swift */; };
/* End PBXBuildFile section */

/* Begin PBXCopyFilesBuildPhase section */
		47D62A1F2A1E72C4006FFE2A /* CopyFiles */ = {
			isa = PBXCopyFilesBuildPhase;
			buildActionMask = 2147483647;
			dstPath = /usr/share/man/man1/;
			dstSubfolderSpec = 0;
			files = (
			);
			runOnlyForDeploymentPostprocessing = 1;
		};
/* End PBXCopyFilesBuildPhase section */

/* Begin PBXFileReference section */
		4707A5632A21699900E0B517 /* httpserver.swift */ = {isa = PBXFileReference; lastKnownFileType = sourcecode.swift; path = httpserver.swift; sourceTree = "<group>"; };
		4707A5652A22A09200E0B517 /* log.swift */ = {isa = PBXFileReference; lastKnownFileType = sourcecode.swift; path = log.swift; sourceTree = "<group>"; };
		470D4C2C2A3276C20057B58E /* vRFBConvertKey.swift */ = {isa = PBXFileReference; fileEncoding = 4; lastKnownFileType = sourcecode.swift; path = vRFBConvertKey.swift; sourceTree = "<group>"; };
		471189062A5AED1A0091EAB3 /* config.swift */ = {isa = PBXFileReference; lastKnownFileType = sourcecode.swift; path = config.swift; sourceTree = "<group>"; };
		476083912A260F0200A93368 /* nsimage.swift */ = {isa = PBXFileReference; lastKnownFileType = sourcecode.swift; path = nsimage.swift; sourceTree = "<group>"; };
		47A78B4B2A350181007C8FB8 /* vVMStructs.swift */ = {isa = PBXFileReference; lastKnownFileType = sourcecode.swift; path = vVMStructs.swift; sourceTree = "<group>"; };
		47A78B4D2A351B38007C8FB8 /* vVirtualMachine.swift */ = {isa = PBXFileReference; lastKnownFileType = sourcecode.swift; path = vVirtualMachine.swift; sourceTree = "<group>"; };
		47A78B4F2A36DE89007C8FB8 /* vMacOSUtils.swift */ = {isa = PBXFileReference; lastKnownFileType = sourcecode.swift; path = vMacOSUtils.swift; sourceTree = "<group>"; };
		47D62A212A1E72C4006FFE2A /* velocity */ = {isa = PBXFileReference; explicitFileType = "compiled.mach-o.executable"; includeInIndex = 0; path = velocity; sourceTree = BUILT_PRODUCTS_DIR; };
		47D62A242A1E72C4006FFE2A /* main.swift */ = {isa = PBXFileReference; lastKnownFileType = sourcecode.swift; path = main.swift; sourceTree = "<group>"; };
		47D62A2B2A1E7366006FFE2A /* vz.swift */ = {isa = PBXFileReference; lastKnownFileType = sourcecode.swift; path = vz.swift; sourceTree = "<group>"; };
		47D62A2D2A1E744D006FFE2A /* velocity.entitlements */ = {isa = PBXFileReference; lastKnownFileType = text.plist.entitlements; path = velocity.entitlements; sourceTree = "<group>"; };
		47D62A2E2A1EB00A006FFE2A /* utils.swift */ = {isa = PBXFileReference; lastKnownFileType = sourcecode.swift; path = utils.swift; sourceTree = "<group>"; };
		47D62A342A210095006FFE2A /* manager.swift */ = {isa = PBXFileReference; lastKnownFileType = sourcecode.swift; path = manager.swift; sourceTree = "<group>"; };
		50394E2D2A2CC48B006A7CB4 /* vRFBServer.swift */ = {isa = PBXFileReference; lastKnownFileType = sourcecode.swift; path = vRFBServer.swift; sourceTree = "<group>"; };
		50394E332A2CC9BF006A7CB4 /* vRFBUtil.swift */ = {isa = PBXFileReference; lastKnownFileType = sourcecode.swift; path = vRFBUtil.swift; sourceTree = "<group>"; };
		50394E352A2CCB5E006A7CB4 /* vRFBStructs.swift */ = {isa = PBXFileReference; lastKnownFileType = sourcecode.swift; path = vRFBStructs.swift; sourceTree = "<group>"; };
		50394E512A2CD2E3006A7CB4 /* vRFBSession.swift */ = {isa = PBXFileReference; lastKnownFileType = sourcecode.swift; path = vRFBSession.swift; sourceTree = "<group>"; };
		5075244D2A37A2810072B094 /* vNWConnection.swift */ = {isa = PBXFileReference; lastKnownFileType = sourcecode.swift; path = vNWConnection.swift; sourceTree = "<group>"; };
		509AB0EE2A346FAC00F4DD2C /* vwindow.swift */ = {isa = PBXFileReference; fileEncoding = 4; lastKnownFileType = sourcecode.swift; path = vwindow.swift; sourceTree = "<group>"; };
/* End PBXFileReference section */

/* Begin PBXFrameworksBuildPhase section */
		47D62A1E2A1E72C4006FFE2A /* Frameworks */ = {
			isa = PBXFrameworksBuildPhase;
			buildActionMask = 2147483647;
			files = (
				50BAC2862A6A609B00DE0F95 /* SQLite in Frameworks */,
				4707A5622A21692600E0B517 /* Vapor in Frameworks */,
				50394E4E2A2CD160006A7CB4 /* Atomics in Frameworks */,
			);
			runOnlyForDeploymentPostprocessing = 0;
		};
/* End PBXFrameworksBuildPhase section */

/* Begin PBXGroup section */
		470D4C282A326ED10057B58E /* virtualization */ = {
			isa = PBXGroup;
			children = (
				509AB0EE2A346FAC00F4DD2C /* vwindow.swift */,
				47D62A2B2A1E7366006FFE2A /* vz.swift */,
				47A78B4B2A350181007C8FB8 /* vVMStructs.swift */,
				47A78B4D2A351B38007C8FB8 /* vVirtualMachine.swift */,
				47A78B4F2A36DE89007C8FB8 /* vMacOSUtils.swift */,
			);
			path = virtualization;
			sourceTree = "<group>";
		};
		47D62A182A1E72C4006FFE2A = {
			isa = PBXGroup;
			children = (
				47D62A232A1E72C4006FFE2A /* velocity */,
				47D62A222A1E72C4006FFE2A /* Products */,
			);
			sourceTree = "<group>";
		};
		47D62A222A1E72C4006FFE2A /* Products */ = {
			isa = PBXGroup;
			children = (
				47D62A212A1E72C4006FFE2A /* velocity */,
			);
			name = Products;
			sourceTree = "<group>";
		};
		47D62A232A1E72C4006FFE2A /* velocity */ = {
			isa = PBXGroup;
			children = (
				5075244C2A37A26A0072B094 /* network */,
				47D62A2D2A1E744D006FFE2A /* velocity.entitlements */,
				47D62A242A1E72C4006FFE2A /* main.swift */,
				471189062A5AED1A0091EAB3 /* config.swift */,
				47D62A2E2A1EB00A006FFE2A /* utils.swift */,
				47D62A342A210095006FFE2A /* manager.swift */,
				4707A5632A21699900E0B517 /* httpserver.swift */,
				4707A5652A22A09200E0B517 /* log.swift */,
				476083912A260F0200A93368 /* nsimage.swift */,
				470D4C282A326ED10057B58E /* virtualization */,
				50394E322A2CC962006A7CB4 /* vrfb */,
			);
			path = velocity;
			sourceTree = "<group>";
		};
		50394E322A2CC962006A7CB4 /* vrfb */ = {
			isa = PBXGroup;
			children = (
				470D4C2C2A3276C20057B58E /* vRFBConvertKey.swift */,
				50394E2D2A2CC48B006A7CB4 /* vRFBServer.swift */,
				50394E332A2CC9BF006A7CB4 /* vRFBUtil.swift */,
				50394E352A2CCB5E006A7CB4 /* vRFBStructs.swift */,
				50394E512A2CD2E3006A7CB4 /* vRFBSession.swift */,
			);
			path = vrfb;
			sourceTree = "<group>";
		};
		5075244C2A37A26A0072B094 /* network */ = {
			isa = PBXGroup;
			children = (
				5075244D2A37A2810072B094 /* vNWConnection.swift */,
			);
			path = network;
			sourceTree = "<group>";
		};
/* End PBXGroup section */

/* Begin PBXNativeTarget section */
		47D62A202A1E72C4006FFE2A /* velocity */ = {
			isa = PBXNativeTarget;
			buildConfigurationList = 47D62A282A1E72C4006FFE2A /* Build configuration list for PBXNativeTarget "velocity" */;
			buildPhases = (
				47D62A1D2A1E72C4006FFE2A /* Sources */,
				47D62A1E2A1E72C4006FFE2A /* Frameworks */,
				47D62A1F2A1E72C4006FFE2A /* CopyFiles */,
			);
			buildRules = (
			);
			dependencies = (
			);
			name = velocity;
			packageProductDependencies = (
				4707A5612A21692600E0B517 /* Vapor */,
				50394E4D2A2CD160006A7CB4 /* Atomics */,
				50BAC2852A6A609B00DE0F95 /* SQLite */,
			);
			productName = velocity;
			productReference = 47D62A212A1E72C4006FFE2A /* velocity */;
			productType = "com.apple.product-type.tool";
		};
/* End PBXNativeTarget section */

/* Begin PBXProject section */
		47D62A192A1E72C4006FFE2A /* Project object */ = {
			isa = PBXProject;
			attributes = {
				BuildIndependentTargetsInParallel = 1;
				LastSwiftUpdateCheck = 1430;
				LastUpgradeCheck = 1430;
				TargetAttributes = {
					47D62A202A1E72C4006FFE2A = {
						CreatedOnToolsVersion = 14.3.1;
					};
				};
			};
			buildConfigurationList = 47D62A1C2A1E72C4006FFE2A /* Build configuration list for PBXProject "velocity" */;
			compatibilityVersion = "Xcode 14.0";
			developmentRegion = en;
			hasScannedForEncodings = 0;
			knownRegions = (
				en,
				Base,
			);
			mainGroup = 47D62A182A1E72C4006FFE2A;
			packageReferences = (
				4707A5602A21692600E0B517 /* XCRemoteSwiftPackageReference "vapor" */,
				50394E4C2A2CD160006A7CB4 /* XCRemoteSwiftPackageReference "swift-atomics" */,
				50BAC2842A6A609B00DE0F95 /* XCRemoteSwiftPackageReference "SQLite" */,
			);
			productRefGroup = 47D62A222A1E72C4006FFE2A /* Products */;
			projectDirPath = "";
			projectRoot = "";
			targets = (
				47D62A202A1E72C4006FFE2A /* velocity */,
			);
		};
/* End PBXProject section */

/* Begin PBXSourcesBuildPhase section */
		47D62A1D2A1E72C4006FFE2A /* Sources */ = {
			isa = PBXSourcesBuildPhase;
			buildActionMask = 2147483647;
			files = (
				47A78B502A36DE89007C8FB8 /* vMacOSUtils.swift in Sources */,
				509AB0EF2A346FAC00F4DD2C /* vwindow.swift in Sources */,
				471189072A5AED1A0091EAB3 /* config.swift in Sources */,
				47D62A352A210095006FFE2A /* manager.swift in Sources */,
				47A78B4E2A351B38007C8FB8 /* vVirtualMachine.swift in Sources */,
				4707A5642A21699900E0B517 /* httpserver.swift in Sources */,
				47D62A2F2A1EB00A006FFE2A /* utils.swift in Sources */,
				476083922A260F0200A93368 /* nsimage.swift in Sources */,
				47D62A2C2A1E7366006FFE2A /* vz.swift in Sources */,
				47D62A252A1E72C4006FFE2A /* main.swift in Sources */,
				4707A5662A22A09200E0B517 /* log.swift in Sources */,
				5075244E2A37A2810072B094 /* vNWConnection.swift in Sources */,
				47A78B4C2A350181007C8FB8 /* vVMStructs.swift in Sources */,
				50394E342A2CC9BF006A7CB4 /* vRFBUtil.swift in Sources */,
				50394E362A2CCB5E006A7CB4 /* vRFBStructs.swift in Sources */,
				50394E2E2A2CC48B006A7CB4 /* vRFBServer.swift in Sources */,
				50394E522A2CD2E3006A7CB4 /* vRFBSession.swift in Sources */,
				470D4C2D2A3276C20057B58E /* vRFBConvertKey.swift in Sources */,
			);
			runOnlyForDeploymentPostprocessing = 0;
		};
/* End PBXSourcesBuildPhase section */

/* Begin XCBuildConfiguration section */
		47D62A262A1E72C4006FFE2A /* Debug */ = {
			isa = XCBuildConfiguration;
			buildSettings = {
				ALWAYS_SEARCH_USER_PATHS = NO;
				CLANG_ANALYZER_NONNULL = YES;
				CLANG_ANALYZER_NUMBER_OBJECT_CONVERSION = YES_AGGRESSIVE;
				CLANG_CXX_LANGUAGE_STANDARD = "gnu++20";
				CLANG_ENABLE_MODULES = YES;
				CLANG_ENABLE_OBJC_ARC = YES;
				CLANG_ENABLE_OBJC_WEAK = YES;
				CLANG_WARN_BLOCK_CAPTURE_AUTORELEASING = YES;
				CLANG_WARN_BOOL_CONVERSION = YES;
				CLANG_WARN_COMMA = YES;
				CLANG_WARN_CONSTANT_CONVERSION = YES;
				CLANG_WARN_DEPRECATED_OBJC_IMPLEMENTATIONS = YES;
				CLANG_WARN_DIRECT_OBJC_ISA_USAGE = YES_ERROR;
				CLANG_WARN_DOCUMENTATION_COMMENTS = YES;
				CLANG_WARN_EMPTY_BODY = YES;
				CLANG_WARN_ENUM_CONVERSION = YES;
				CLANG_WARN_INFINITE_RECURSION = YES;
				CLANG_WARN_INT_CONVERSION = YES;
				CLANG_WARN_NON_LITERAL_NULL_CONVERSION = YES;
				CLANG_WARN_OBJC_IMPLICIT_RETAIN_SELF = YES;
				CLANG_WARN_OBJC_LITERAL_CONVERSION = YES;
				CLANG_WARN_OBJC_ROOT_CLASS = YES_ERROR;
				CLANG_WARN_QUOTED_INCLUDE_IN_FRAMEWORK_HEADER = YES;
				CLANG_WARN_RANGE_LOOP_ANALYSIS = YES;
				CLANG_WARN_STRICT_PROTOTYPES = YES;
				CLANG_WARN_SUSPICIOUS_MOVE = YES;
				CLANG_WARN_UNGUARDED_AVAILABILITY = YES_AGGRESSIVE;
				CLANG_WARN_UNREACHABLE_CODE = YES;
				CLANG_WARN__DUPLICATE_METHOD_MATCH = YES;
				COPY_PHASE_STRIP = NO;
				DEBUG_INFORMATION_FORMAT = dwarf;
				ENABLE_STRICT_OBJC_MSGSEND = YES;
				ENABLE_TESTABILITY = YES;
				GCC_C_LANGUAGE_STANDARD = gnu11;
				GCC_DYNAMIC_NO_PIC = NO;
				GCC_NO_COMMON_BLOCKS = YES;
				GCC_OPTIMIZATION_LEVEL = 0;
				GCC_PREPROCESSOR_DEFINITIONS = (
					"DEBUG=1",
					"$(inherited)",
				);
				GCC_WARN_64_TO_32_BIT_CONVERSION = YES;
				GCC_WARN_ABOUT_RETURN_TYPE = YES_ERROR;
				GCC_WARN_UNDECLARED_SELECTOR = YES;
				GCC_WARN_UNINITIALIZED_AUTOS = YES_AGGRESSIVE;
				GCC_WARN_UNUSED_FUNCTION = YES;
				GCC_WARN_UNUSED_VARIABLE = YES;
				MACOSX_DEPLOYMENT_TARGET = 13.2;
				MTL_ENABLE_DEBUG_INFO = INCLUDE_SOURCE;
				MTL_FAST_MATH = YES;
				ONLY_ACTIVE_ARCH = YES;
				SDKROOT = macosx;
				SWIFT_ACTIVE_COMPILATION_CONDITIONS = DEBUG;
				SWIFT_OPTIMIZATION_LEVEL = "-Onone";
			};
			name = Debug;
		};
		47D62A272A1E72C4006FFE2A /* Release */ = {
			isa = XCBuildConfiguration;
			buildSettings = {
				ALWAYS_SEARCH_USER_PATHS = NO;
				CLANG_ANALYZER_NONNULL = YES;
				CLANG_ANALYZER_NUMBER_OBJECT_CONVERSION = YES_AGGRESSIVE;
				CLANG_CXX_LANGUAGE_STANDARD = "gnu++20";
				CLANG_ENABLE_MODULES = YES;
				CLANG_ENABLE_OBJC_ARC = YES;
				CLANG_ENABLE_OBJC_WEAK = YES;
				CLANG_WARN_BLOCK_CAPTURE_AUTORELEASING = YES;
				CLANG_WARN_BOOL_CONVERSION = YES;
				CLANG_WARN_COMMA = YES;
				CLANG_WARN_CONSTANT_CONVERSION = YES;
				CLANG_WARN_DEPRECATED_OBJC_IMPLEMENTATIONS = YES;
				CLANG_WARN_DIRECT_OBJC_ISA_USAGE = YES_ERROR;
				CLANG_WARN_DOCUMENTATION_COMMENTS = YES;
				CLANG_WARN_EMPTY_BODY = YES;
				CLANG_WARN_ENUM_CONVERSION = YES;
				CLANG_WARN_INFINITE_RECURSION = YES;
				CLANG_WARN_INT_CONVERSION = YES;
				CLANG_WARN_NON_LITERAL_NULL_CONVERSION = YES;
				CLANG_WARN_OBJC_IMPLICIT_RETAIN_SELF = YES;
				CLANG_WARN_OBJC_LITERAL_CONVERSION = YES;
				CLANG_WARN_OBJC_ROOT_CLASS = YES_ERROR;
				CLANG_WARN_QUOTED_INCLUDE_IN_FRAMEWORK_HEADER = YES;
				CLANG_WARN_RANGE_LOOP_ANALYSIS = YES;
				CLANG_WARN_STRICT_PROTOTYPES = YES;
				CLANG_WARN_SUSPICIOUS_MOVE = YES;
				CLANG_WARN_UNGUARDED_AVAILABILITY = YES_AGGRESSIVE;
				CLANG_WARN_UNREACHABLE_CODE = YES;
				CLANG_WARN__DUPLICATE_METHOD_MATCH = YES;
				COPY_PHASE_STRIP = NO;
				DEBUG_INFORMATION_FORMAT = "dwarf-with-dsym";
				ENABLE_NS_ASSERTIONS = NO;
				ENABLE_STRICT_OBJC_MSGSEND = YES;
				GCC_C_LANGUAGE_STANDARD = gnu11;
				GCC_NO_COMMON_BLOCKS = YES;
				GCC_WARN_64_TO_32_BIT_CONVERSION = YES;
				GCC_WARN_ABOUT_RETURN_TYPE = YES_ERROR;
				GCC_WARN_UNDECLARED_SELECTOR = YES;
				GCC_WARN_UNINITIALIZED_AUTOS = YES_AGGRESSIVE;
				GCC_WARN_UNUSED_FUNCTION = YES;
				GCC_WARN_UNUSED_VARIABLE = YES;
				MACOSX_DEPLOYMENT_TARGET = 13.2;
				MTL_ENABLE_DEBUG_INFO = NO;
				MTL_FAST_MATH = YES;
				SDKROOT = macosx;
				SWIFT_COMPILATION_MODE = wholemodule;
				SWIFT_OPTIMIZATION_LEVEL = "-O";
			};
			name = Release;
		};
		47D62A292A1E72C4006FFE2A /* Debug */ = {
			isa = XCBuildConfiguration;
			buildSettings = {
				ARCHS = arm64;
				CODE_SIGN_ENTITLEMENTS = velocity/velocity.entitlements;
				"CODE_SIGN_IDENTITY[sdk=macosx*]" = "Apple Development";
				CODE_SIGN_STYLE = Automatic;
				DEVELOPMENT_TEAM = 8V92RGBC76;
				ENABLE_HARDENED_RUNTIME = YES;
				PRODUCT_NAME = "$(TARGET_NAME)";
				SWIFT_VERSION = 5.0;
			};
			name = Debug;
		};
		47D62A2A2A1E72C4006FFE2A /* Release */ = {
			isa = XCBuildConfiguration;
			buildSettings = {
				ARCHS = arm64;
				CODE_SIGN_ENTITLEMENTS = velocity/velocity.entitlements;
				"CODE_SIGN_IDENTITY[sdk=macosx*]" = "Apple Development";
				CODE_SIGN_STYLE = Automatic;
				DEVELOPMENT_TEAM = 8V92RGBC76;
				ENABLE_HARDENED_RUNTIME = YES;
				PRODUCT_NAME = "$(TARGET_NAME)";
				SWIFT_VERSION = 5.0;
			};
			name = Release;
		};
/* End XCBuildConfiguration section */

/* Begin XCConfigurationList section */
		47D62A1C2A1E72C4006FFE2A /* Build configuration list for PBXProject "velocity" */ = {
			isa = XCConfigurationList;
			buildConfigurations = (
				47D62A262A1E72C4006FFE2A /* Debug */,
				47D62A272A1E72C4006FFE2A /* Release */,
			);
			defaultConfigurationIsVisible = 0;
			defaultConfigurationName = Release;
		};
		47D62A282A1E72C4006FFE2A /* Build configuration list for PBXNativeTarget "velocity" */ = {
			isa = XCConfigurationList;
			buildConfigurations = (
				47D62A292A1E72C4006FFE2A /* Debug */,
				47D62A2A2A1E72C4006FFE2A /* Release */,
			);
			defaultConfigurationIsVisible = 0;
			defaultConfigurationName = Release;
		};
/* End XCConfigurationList section */

/* Begin XCRemoteSwiftPackageReference section */
		4707A5602A21692600E0B517 /* XCRemoteSwiftPackageReference "vapor" */ = {
			isa = XCRemoteSwiftPackageReference;
			repositoryURL = "https://github.com/vapor/vapor.git";
			requirement = {
				kind = upToNextMajorVersion;
				minimumVersion = 4.0.0;
			};
		};
		50394E4C2A2CD160006A7CB4 /* XCRemoteSwiftPackageReference "swift-atomics" */ = {
			isa = XCRemoteSwiftPackageReference;
			repositoryURL = "https://github.com/apple/swift-atomics.git";
			requirement = {
				kind = upToNextMajorVersion;
				minimumVersion = 1.0.0;
			};
		};
		50BAC2842A6A609B00DE0F95 /* XCRemoteSwiftPackageReference "SQLite" */ = {
			isa = XCRemoteSwiftPackageReference;
			repositoryURL = "https://github.com/stephencelis/SQLite.swift";
			requirement = {
				kind = upToNextMajorVersion;
				minimumVersion = 0.14.1;
			};
		};
/* End XCRemoteSwiftPackageReference section */

/* Begin XCSwiftPackageProductDependency section */
		4707A5612A21692600E0B517 /* Vapor */ = {
			isa = XCSwiftPackageProductDependency;
			package = 4707A5602A21692600E0B517 /* XCRemoteSwiftPackageReference "vapor" */;
			productName = Vapor;
		};
		50394E4D2A2CD160006A7CB4 /* Atomics */ = {
			isa = XCSwiftPackageProductDependency;
			package = 50394E4C2A2CD160006A7CB4 /* XCRemoteSwiftPackageReference "swift-atomics" */;
			productName = Atomics;
		};
		50BAC2852A6A609B00DE0F95 /* SQLite */ = {
			isa = XCSwiftPackageProductDependency;
			package = 50BAC2842A6A609B00DE0F95 /* XCRemoteSwiftPackageReference "SQLite" */;
			productName = SQLite;
		};
/* End XCSwiftPackageProductDependency section */
	};
	rootObject = 47D62A192A1E72C4006FFE2A /* Project object */;
}
